{
  "name": "Major_Project",
  "lockfileVersion": 3,
  "requires": true,
  "packages": {
    "": {
      "dependencies": {
        "@codesandbox/sdk": "^0.0.10"
      }
    },
    "node_modules/@codesandbox/sdk": {
      "version": "0.0.10",
      "resolved": "https://registry.npmjs.org/@codesandbox/sdk/-/sdk-0.0.10.tgz",
      "integrity": "sha512-5AMcAnfX5koKKO2YNoItq2KrXJFquzHOcMgl6M1qOC2YvVQbUZijD0tvKWD/qMTCwYW3ry8346eeTtyBKosDjw==",
      "bin": {
        "csb": "dist/bin/codesandbox.js"
      }
    }
  }
}
